// !$*UTF8*$!
{
	archiveVersion = 1;
	classes = {
	};
	objectVersion = 46;
	objects = {

/* Begin PBXBuildFile section */
		64DE6758CFEAC56B7A7D2919 /* Pods_Z_Message.framework in Frameworks */ = {isa = PBXBuildFile; fileRef = F605306350A584BA2D71CDE0 /* Pods_Z_Message.framework */; };
		BE1C9E5F1E1C66F60057C340 /* MessageCreateViewController.swift in Sources */ = {isa = PBXBuildFile; fileRef = BE1C9E5E1E1C66F60057C340 /* MessageCreateViewController.swift */; };
		BE3202D01E34E07D0006462E /* Message.swift in Sources */ = {isa = PBXBuildFile; fileRef = BE3202CF1E34E07D0006462E /* Message.swift */; };
		BE3202D21E34E99B0006462E /* ViewMessageViewController.swift in Sources */ = {isa = PBXBuildFile; fileRef = BE3202D11E34E99B0006462E /* ViewMessageViewController.swift */; };
		BE3B4D721E0DAFB000AC3108 /* AppDelegate.swift in Sources */ = {isa = PBXBuildFile; fileRef = BE3B4D711E0DAFB000AC3108 /* AppDelegate.swift */; };
		BE3B4D741E0DAFB000AC3108 /* LogInViewController.swift in Sources */ = {isa = PBXBuildFile; fileRef = BE3B4D731E0DAFB000AC3108 /* LogInViewController.swift */; };
		BE3B4D771E0DAFB000AC3108 /* Main.storyboard in Resources */ = {isa = PBXBuildFile; fileRef = BE3B4D751E0DAFB000AC3108 /* Main.storyboard */; };
		BE3B4D791E0DAFB000AC3108 /* Assets.xcassets in Resources */ = {isa = PBXBuildFile; fileRef = BE3B4D781E0DAFB000AC3108 /* Assets.xcassets */; };
		BE3B4D7C1E0DAFB000AC3108 /* LaunchScreen.storyboard in Resources */ = {isa = PBXBuildFile; fileRef = BE3B4D7A1E0DAFB000AC3108 /* LaunchScreen.storyboard */; };
		BE8E4AF71E15A8DD00FA3D7B /* MessagesViewController.swift in Sources */ = {isa = PBXBuildFile; fileRef = BE8E4AF61E15A8DC00FA3D7B /* MessagesViewController.swift */; };
		BE9233F31E34A9EC003E3FCB /* SelectUserViewController.swift in Sources */ = {isa = PBXBuildFile; fileRef = BE9233F21E34A9EC003E3FCB /* SelectUserViewController.swift */; };
		BE9233F51E34C489003E3FCB /* User.swift in Sources */ = {isa = PBXBuildFile; fileRef = BE9233F41E34C489003E3FCB /* User.swift */; };
		BE9F50D41E12FBA600C78B91 /* GoogleService-Info.plist in Resources */ = {isa = PBXBuildFile; fileRef = BE9F50D31E12FBA600C78B91 /* GoogleService-Info.plist */; };
/* End PBXBuildFile section */

/* Begin PBXFileReference section */
		209EF0A16258ED10B851B1D6 /* Pods-Z-Message.debug.xcconfig */ = {isa = PBXFileReference; includeInIndex = 1; lastKnownFileType = text.xcconfig; name = "Pods-Z-Message.debug.xcconfig"; path = "Pods/Target Support Files/Pods-Z-Message/Pods-Z-Message.debug.xcconfig"; sourceTree = "<group>"; };
		B92E8481C98513ADF4AD2B36 /* Pods-Z-Message.release.xcconfig */ = {isa = PBXFileReference; includeInIndex = 1; lastKnownFileType = text.xcconfig; name = "Pods-Z-Message.release.xcconfig"; path = "Pods/Target Support Files/Pods-Z-Message/Pods-Z-Message.release.xcconfig"; sourceTree = "<group>"; };
		BE1C9E5E1E1C66F60057C340 /* MessageCreateViewController.swift */ = {isa = PBXFileReference; fileEncoding = 4; lastKnownFileType = sourcecode.swift; path = MessageCreateViewController.swift; sourceTree = "<group>"; };
		BE3202CF1E34E07D0006462E /* Message.swift */ = {isa = PBXFileReference; fileEncoding = 4; lastKnownFileType = sourcecode.swift; path = Message.swift; sourceTree = "<group>"; };
		BE3202D11E34E99B0006462E /* ViewMessageViewController.swift */ = {isa = PBXFileReference; fileEncoding = 4; lastKnownFileType = sourcecode.swift; path = ViewMessageViewController.swift; sourceTree = "<group>"; };
		BE3B4D6E1E0DAFB000AC3108 /* Z-Message.app */ = {isa = PBXFileReference; explicitFileType = wrapper.application; includeInIndex = 0; path = "Z-Message.app"; sourceTree = BUILT_PRODUCTS_DIR; };
		BE3B4D711E0DAFB000AC3108 /* AppDelegate.swift */ = {isa = PBXFileReference; lastKnownFileType = sourcecode.swift; path = AppDelegate.swift; sourceTree = "<group>"; };
		BE3B4D731E0DAFB000AC3108 /* LogInViewController.swift */ = {isa = PBXFileReference; lastKnownFileType = sourcecode.swift; path = LogInViewController.swift; sourceTree = "<group>"; };
		BE3B4D761E0DAFB000AC3108 /* Base */ = {isa = PBXFileReference; lastKnownFileType = file.storyboard; name = Base; path = Base.lproj/Main.storyboard; sourceTree = "<group>"; };
		BE3B4D781E0DAFB000AC3108 /* Assets.xcassets */ = {isa = PBXFileReference; lastKnownFileType = folder.assetcatalog; path = Assets.xcassets; sourceTree = "<group>"; };
		BE3B4D7B1E0DAFB000AC3108 /* Base */ = {isa = PBXFileReference; lastKnownFileType = file.storyboard; name = Base; path = Base.lproj/LaunchScreen.storyboard; sourceTree = "<group>"; };
		BE3B4D7D1E0DAFB000AC3108 /* Info.plist */ = {isa = PBXFileReference; lastKnownFileType = text.plist.xml; path = Info.plist; sourceTree = "<group>"; };
		BE8E4AF61E15A8DC00FA3D7B /* MessagesViewController.swift */ = {isa = PBXFileReference; fileEncoding = 4; lastKnownFileType = sourcecode.swift; path = MessagesViewController.swift; sourceTree = "<group>"; };
		BE9233F21E34A9EC003E3FCB /* SelectUserViewController.swift */ = {isa = PBXFileReference; fileEncoding = 4; lastKnownFileType = sourcecode.swift; path = SelectUserViewController.swift; sourceTree = "<group>"; };
		BE9233F41E34C489003E3FCB /* User.swift */ = {isa = PBXFileReference; fileEncoding = 4; lastKnownFileType = sourcecode.swift; path = User.swift; sourceTree = "<group>"; };
		BE9F50D31E12FBA600C78B91 /* GoogleService-Info.plist */ = {isa = PBXFileReference; fileEncoding = 4; lastKnownFileType = text.plist.xml; path = "GoogleService-Info.plist"; sourceTree = "<group>"; };
		F605306350A584BA2D71CDE0 /* Pods_Z_Message.framework */ = {isa = PBXFileReference; explicitFileType = wrapper.framework; includeInIndex = 0; path = Pods_Z_Message.framework; sourceTree = BUILT_PRODUCTS_DIR; };
/* End PBXFileReference section */

/* Begin PBXFrameworksBuildPhase section */
		BE3B4D6B1E0DAFB000AC3108 /* Frameworks */ = {
			isa = PBXFrameworksBuildPhase;
			buildActionMask = 2147483647;
			files = (
				64DE6758CFEAC56B7A7D2919 /* Pods_Z_Message.framework in Frameworks */,
			);
			runOnlyForDeploymentPostprocessing = 0;
		};
/* End PBXFrameworksBuildPhase section */

/* Begin PBXGroup section */
		01BE85B1708225CE9081FD13 /* Frameworks */ = {
			isa = PBXGroup;
			children = (
				F605306350A584BA2D71CDE0 /* Pods_Z_Message.framework */,
			);
			name = Frameworks;
			sourceTree = "<group>";
		};
		4C40F9043EABBD464A030E2D /* Pods */ = {
			isa = PBXGroup;
			children = (
				209EF0A16258ED10B851B1D6 /* Pods-Z-Message.debug.xcconfig */,
				B92E8481C98513ADF4AD2B36 /* Pods-Z-Message.release.xcconfig */,
			);
			name = Pods;
			sourceTree = "<group>";
		};
		BE3B4D651E0DAFB000AC3108 = {
			isa = PBXGroup;
			children = (
				BE3B4D701E0DAFB000AC3108 /* Z-Message */,
				BE3B4D6F1E0DAFB000AC3108 /* Products */,
				4C40F9043EABBD464A030E2D /* Pods */,
				01BE85B1708225CE9081FD13 /* Frameworks */,
			);
			sourceTree = "<group>";
		};
		BE3B4D6F1E0DAFB000AC3108 /* Products */ = {
			isa = PBXGroup;
			children = (
				BE3B4D6E1E0DAFB000AC3108 /* Z-Message.app */,
			);
			name = Products;
			sourceTree = "<group>";
		};
		BE3B4D701E0DAFB000AC3108 /* Z-Message */ = {
			isa = PBXGroup;
			children = (
				BE9233F61E34C4B7003E3FCB /* ViewControllers */,
				BE9233F71E34C509003E3FCB /* Models */,
				BE3B4D751E0DAFB000AC3108 /* Main.storyboard */,
				BE3B4D781E0DAFB000AC3108 /* Assets.xcassets */,
				BE3B4D7A1E0DAFB000AC3108 /* LaunchScreen.storyboard */,
				BE3B4D7D1E0DAFB000AC3108 /* Info.plist */,
				BE9F50D31E12FBA600C78B91 /* GoogleService-Info.plist */,
				BE3B4D711E0DAFB000AC3108 /* AppDelegate.swift */,
			);
			path = "Z-Message";
			sourceTree = "<group>";
		};
		BE9233F61E34C4B7003E3FCB /* ViewControllers */ = {
			isa = PBXGroup;
			children = (
				BE1C9E5E1E1C66F60057C340 /* MessageCreateViewController.swift */,
				BE3B4D731E0DAFB000AC3108 /* LogInViewController.swift */,
				BE9233F21E34A9EC003E3FCB /* SelectUserViewController.swift */,
				BE8E4AF61E15A8DC00FA3D7B /* MessagesViewController.swift */,
				BE3202D11E34E99B0006462E /* ViewMessageViewController.swift */,
			);
			name = ViewControllers;
			sourceTree = "<group>";
		};
		BE9233F71E34C509003E3FCB /* Models */ = {
			isa = PBXGroup;
			children = (
				BE9233F41E34C489003E3FCB /* User.swift */,
				BE3202CF1E34E07D0006462E /* Message.swift */,
			);
			name = Models;
			sourceTree = "<group>";
		};
/* End PBXGroup section */

/* Begin PBXNativeTarget section */
		BE3B4D6D1E0DAFB000AC3108 /* Z-Message */ = {
			isa = PBXNativeTarget;
			buildConfigurationList = BE3B4D801E0DAFB000AC3108 /* Build configuration list for PBXNativeTarget "Z-Message" */;
			buildPhases = (
				6426B5D6EDDFEB5388EC9DC1 /* [CP] Check Pods Manifest.lock */,
				BE3B4D6A1E0DAFB000AC3108 /* Sources */,
				BE3B4D6B1E0DAFB000AC3108 /* Frameworks */,
				BE3B4D6C1E0DAFB000AC3108 /* Resources */,
				61B7EFF3EFAC0899E658192C /* [CP] Embed Pods Frameworks */,
				C84A7C6E64B0556269C4FB91 /* [CP] Copy Pods Resources */,
			);
			buildRules = (
			);
			dependencies = (
			);
			name = "Z-Message";
			productName = "Z-Message";
			productReference = BE3B4D6E1E0DAFB000AC3108 /* Z-Message.app */;
			productType = "com.apple.product-type.application";
		};
/* End PBXNativeTarget section */

/* Begin PBXProject section */
		BE3B4D661E0DAFB000AC3108 /* Project object */ = {
			isa = PBXProject;
			attributes = {
				LastSwiftUpdateCheck = 0820;
				LastUpgradeCheck = 0820;
				ORGANIZATIONNAME = "Steve Kerney";
				TargetAttributes = {
					BE3B4D6D1E0DAFB000AC3108 = {
						CreatedOnToolsVersion = 8.2.1;
						DevelopmentTeam = SKX4P6BP4Q;
						ProvisioningStyle = Automatic;
					};
				};
			};
			buildConfigurationList = BE3B4D691E0DAFB000AC3108 /* Build configuration list for PBXProject "Z-Message" */;
			compatibilityVersion = "Xcode 3.2";
			developmentRegion = English;
			hasScannedForEncodings = 0;
			knownRegions = (
				en,
				Base,
			);
			mainGroup = BE3B4D651E0DAFB000AC3108;
			productRefGroup = BE3B4D6F1E0DAFB000AC3108 /* Products */;
			projectDirPath = "";
			projectRoot = "";
			targets = (
				BE3B4D6D1E0DAFB000AC3108 /* Z-Message */,
			);
		};
/* End PBXProject section */

/* Begin PBXResourcesBuildPhase section */
		BE3B4D6C1E0DAFB000AC3108 /* Resources */ = {
			isa = PBXResourcesBuildPhase;
			buildActionMask = 2147483647;
			files = (
				BE3B4D7C1E0DAFB000AC3108 /* LaunchScreen.storyboard in Resources */,
				BE9F50D41E12FBA600C78B91 /* GoogleService-Info.plist in Resources */,
				BE3B4D791E0DAFB000AC3108 /* Assets.xcassets in Resources */,
				BE3B4D771E0DAFB000AC3108 /* Main.storyboard in Resources */,
			);
			runOnlyForDeploymentPostprocessing = 0;
		};
/* End PBXResourcesBuildPhase section */

/* Begin PBXShellScriptBuildPhase section */
		61B7EFF3EFAC0899E658192C /* [CP] Embed Pods Frameworks */ = {
			isa = PBXShellScriptBuildPhase;
			buildActionMask = 2147483647;
			files = (
			);
			inputPaths = (
			);
			name = "[CP] Embed Pods Frameworks";
			outputPaths = (
			);
			runOnlyForDeploymentPostprocessing = 0;
			shellPath = /bin/sh;
			shellScript = "\"${SRCROOT}/Pods/Target Support Files/Pods-Z-Message/Pods-Z-Message-frameworks.sh\"\n";
			showEnvVarsInLog = 0;
		};
		6426B5D6EDDFEB5388EC9DC1 /* [CP] Check Pods Manifest.lock */ = {
			isa = PBXShellScriptBuildPhase;
			buildActionMask = 2147483647;
			files = (
			);
			inputPaths = (
			);
			name = "[CP] Check Pods Manifest.lock";
			outputPaths = (
			);
			runOnlyForDeploymentPostprocessing = 0;
			shellPath = /bin/sh;
			shellScript = "diff \"${PODS_ROOT}/../Podfile.lock\" \"${PODS_ROOT}/Manifest.lock\" > /dev/null\nif [ $? != 0 ] ; then\n    # print error to STDERR\n    echo \"error: The sandbox is not in sync with the Podfile.lock. Run 'pod install' or update your CocoaPods installation.\" >&2\n    exit 1\nfi\n";
			showEnvVarsInLog = 0;
		};
		C84A7C6E64B0556269C4FB91 /* [CP] Copy Pods Resources */ = {
			isa = PBXShellScriptBuildPhase;
			buildActionMask = 2147483647;
			files = (
			);
			inputPaths = (
			);
			name = "[CP] Copy Pods Resources";
			outputPaths = (
			);
			runOnlyForDeploymentPostprocessing = 0;
			shellPath = /bin/sh;
			shellScript = "\"${SRCROOT}/Pods/Target Support Files/Pods-Z-Message/Pods-Z-Message-resources.sh\"\n";
			showEnvVarsInLog = 0;
		};
/* End PBXShellScriptBuildPhase section */

/* Begin PBXSourcesBuildPhase section */
		BE3B4D6A1E0DAFB000AC3108 /* Sources */ = {
			isa = PBXSourcesBuildPhase;
			buildActionMask = 2147483647;
			files = (
				BE1C9E5F1E1C66F60057C340 /* MessageCreateViewController.swift in Sources */,
				BE3202D21E34E99B0006462E /* ViewMessageViewController.swift in Sources */,
				BE8E4AF71E15A8DD00FA3D7B /* MessagesViewController.swift in Sources */,
				BE9233F51E34C489003E3FCB /* User.swift in Sources */,
				BE9233F31E34A9EC003E3FCB /* SelectUserViewController.swift in Sources */,
				BE3B4D741E0DAFB000AC3108 /* LogInViewController.swift in Sources */,
				BE3B4D721E0DAFB000AC3108 /* AppDelegate.swift in Sources */,
				BE3202D01E34E07D0006462E /* Message.swift in Sources */,
			);
			runOnlyForDeploymentPostprocessing = 0;
		};
/* End PBXSourcesBuildPhase section */

/* Begin PBXVariantGroup section */
		BE3B4D751E0DAFB000AC3108 /* Main.storyboard */ = {
			isa = PBXVariantGroup;
			children = (
				BE3B4D761E0DAFB000AC3108 /* Base */,
			);
			name = Main.storyboard;
			sourceTree = "<group>";
		};
		BE3B4D7A1E0DAFB000AC3108 /* LaunchScreen.storyboard */ = {
			isa = PBXVariantGroup;
			children = (
				BE3B4D7B1E0DAFB000AC3108 /* Base */,
			);
			name = LaunchScreen.storyboard;
			sourceTree = "<group>";
		};
/* End PBXVariantGroup section */

/* Begin XCBuildConfiguration section */
		BE3B4D7E1E0DAFB000AC3108 /* Debug */ = {
			isa = XCBuildConfiguration;
			buildSettings = {
				ALWAYS_SEARCH_USER_PATHS = NO;
				CLANG_ANALYZER_NONNULL = YES;
				CLANG_CXX_LANGUAGE_STANDARD = "gnu++0x";
				CLANG_CXX_LIBRARY = "libc++";
				CLANG_ENABLE_MODULES = YES;
				CLANG_ENABLE_OBJC_ARC = YES;
				CLANG_WARN_BOOL_CONVERSION = YES;
				CLANG_WARN_CONSTANT_CONVERSION = YES;
				CLANG_WARN_DIRECT_OBJC_ISA_USAGE = YES_ERROR;
				CLANG_WARN_DOCUMENTATION_COMMENTS = YES;
				CLANG_WARN_EMPTY_BODY = YES;
				CLANG_WARN_ENUM_CONVERSION = YES;
				CLANG_WARN_INFINITE_RECURSION = YES;
				CLANG_WARN_INT_CONVERSION = YES;
				CLANG_WARN_OBJC_ROOT_CLASS = YES_ERROR;
				CLANG_WARN_SUSPICIOUS_MOVE = YES;
				CLANG_WARN_UNREACHABLE_CODE = YES;
				CLANG_WARN__DUPLICATE_METHOD_MATCH = YES;
				"CODE_SIGN_IDENTITY[sdk=iphoneos*]" = "iPhone Developer";
				COPY_PHASE_STRIP = NO;
				DEBUG_INFORMATION_FORMAT = dwarf;
				ENABLE_STRICT_OBJC_MSGSEND = YES;
				ENABLE_TESTABILITY = YES;
				GCC_C_LANGUAGE_STANDARD = gnu99;
				GCC_DYNAMIC_NO_PIC = NO;
				GCC_NO_COMMON_BLOCKS = YES;
				GCC_OPTIMIZATION_LEVEL = 0;
				GCC_PREPROCESSOR_DEFINITIONS = (
					"DEBUG=1",
					"$(inherited)",
				);
				GCC_WARN_64_TO_32_BIT_CONVERSION = YES;
				GCC_WARN_ABOUT_RETURN_TYPE = YES_ERROR;
				GCC_WARN_UNDECLARED_SELECTOR = YES;
				GCC_WARN_UNINITIALIZED_AUTOS = YES_AGGRESSIVE;
				GCC_WARN_UNUSED_FUNCTION = YES;
				GCC_WARN_UNUSED_VARIABLE = YES;
				IPHONEOS_DEPLOYMENT_TARGET = 10.2;
				MTL_ENABLE_DEBUG_INFO = YES;
				ONLY_ACTIVE_ARCH = YES;
				SDKROOT = iphoneos;
				SWIFT_ACTIVE_COMPILATION_CONDITIONS = DEBUG;
				SWIFT_OPTIMIZATION_LEVEL = "-Onone";
				TARGETED_DEVICE_FAMILY = "1,2";
			};
			name = Debug;
		};
		BE3B4D7F1E0DAFB000AC3108 /* Release */ = {
			isa = XCBuildConfiguration;
			buildSettings = {
				ALWAYS_SEARCH_USER_PATHS = NO;
				CLANG_ANALYZER_NONNULL = YES;
				CLANG_CXX_LANGUAGE_STANDARD = "gnu++0x";
				CLANG_CXX_LIBRARY = "libc++";
				CLANG_ENABLE_MODULES = YES;
				CLANG_ENABLE_OBJC_ARC = YES;
				CLANG_WARN_BOOL_CONVERSION = YES;
				CLANG_WARN_CONSTANT_CONVERSION = YES;
				CLANG_WARN_DIRECT_OBJC_ISA_USAGE = YES_ERROR;
				CLANG_WARN_DOCUMENTATION_COMMENTS = YES;
				CLANG_WARN_EMPTY_BODY = YES;
				CLANG_WARN_ENUM_CONVERSION = YES;
				CLANG_WARN_INFINITE_RECURSION = YES;
				CLANG_WARN_INT_CONVERSION = YES;
				CLANG_WARN_OBJC_ROOT_CLASS = YES_ERROR;
				CLANG_WARN_SUSPICIOUS_MOVE = YES;
				CLANG_WARN_UNREACHABLE_CODE = YES;
				CLANG_WARN__DUPLICATE_METHOD_MATCH = YES;
				"CODE_SIGN_IDENTITY[sdk=iphoneos*]" = "iPhone Developer";
				COPY_PHASE_STRIP = NO;
				DEBUG_INFORMATION_FORMAT = "dwarf-with-dsym";
				ENABLE_NS_ASSERTIONS = NO;
				ENABLE_STRICT_OBJC_MSGSEND = YES;
				GCC_C_LANGUAGE_STANDARD = gnu99;
				GCC_NO_COMMON_BLOCKS = YES;
				GCC_WARN_64_TO_32_BIT_CONVERSION = YES;
				GCC_WARN_ABOUT_RETURN_TYPE = YES_ERROR;
				GCC_WARN_UNDECLARED_SELECTOR = YES;
				GCC_WARN_UNINITIALIZED_AUTOS = YES_AGGRESSIVE;
				GCC_WARN_UNUSED_FUNCTION = YES;
				GCC_WARN_UNUSED_VARIABLE = YES;
				IPHONEOS_DEPLOYMENT_TARGET = 10.2;
				MTL_ENABLE_DEBUG_INFO = NO;
				SDKROOT = iphoneos;
				SWIFT_OPTIMIZATION_LEVEL = "-Owholemodule";
				TARGETED_DEVICE_FAMILY = "1,2";
				VALIDATE_PRODUCT = YES;
			};
			name = Release;
		};
		BE3B4D811E0DAFB000AC3108 /* Debug */ = {
			isa = XCBuildConfiguration;
			baseConfigurationReference = 209EF0A16258ED10B851B1D6 /* Pods-Z-Message.debug.xcconfig */;
			buildSettings = {
				ASSETCATALOG_COMPILER_APPICON_NAME = AppIcon;
				DEVELOPMENT_TEAM = SKX4P6BP4Q;
				INFOPLIST_FILE = "Z-Message/Info.plist";
				LD_RUNPATH_SEARCH_PATHS = "$(inherited) @executable_path/Frameworks";
				PRODUCT_BUNDLE_IDENTIFIER = "com.swiftapps.Z-Message";
				PRODUCT_NAME = "$(TARGET_NAME)";
				SWIFT_VERSION = 3.0;
			};
			name = Debug;
		};
		BE3B4D821E0DAFB000AC3108 /* Release */ = {
			isa = XCBuildConfiguration;
			baseConfigurationReference = B92E8481C98513ADF4AD2B36 /* Pods-Z-Message.release.xcconfig */;
			buildSettings = {
				ASSETCATALOG_COMPILER_APPICON_NAME = AppIcon;
				DEVELOPMENT_TEAM = SKX4P6BP4Q;
				INFOPLIST_FILE = "Z-Message/Info.plist";
				LD_RUNPATH_SEARCH_PATHS = "$(inherited) @executable_path/Frameworks";
				PRODUCT_BUNDLE_IDENTIFIER = "com.swiftapps.Z-Message";
				PRODUCT_NAME = "$(TARGET_NAME)";
				SWIFT_VERSION = 3.0;
			};
			name = Release;
		};
/* End XCBuildConfiguration section */

/* Begin XCConfigurationList section */
		BE3B4D691E0DAFB000AC3108 /* Build configuration list for PBXProject "Z-Message" */ = {
			isa = XCConfigurationList;
			buildConfigurations = (
				BE3B4D7E1E0DAFB000AC3108 /* Debug */,
				BE3B4D7F1E0DAFB000AC3108 /* Release */,
			);
			defaultConfigurationIsVisible = 0;
			defaultConfigurationName = Release;
		};
		BE3B4D801E0DAFB000AC3108 /* Build configuration list for PBXNativeTarget "Z-Message" */ = {
			isa = XCConfigurationList;
			buildConfigurations = (
				BE3B4D811E0DAFB000AC3108 /* Debug */,
				BE3B4D821E0DAFB000AC3108 /* Release */,
			);
			defaultConfigurationIsVisible = 0;
			defaultConfigurationName = Release;
		};
/* End XCConfigurationList section */
	};
	rootObject = BE3B4D661E0DAFB000AC3108 /* Project object */;
}
